
Microsoft Visual Studio Solution File, Format Version 12.00
# Visual Studio Version 17
VisualStudioVersion = 17.10.35122.118
MinimumVisualStudioVersion = 10.0.40219.1
Project("{FAE04EC0-301F-11D3-BF4B-00C04F79EFBC}") = "TaskManagementApi", "TaskManagementApi\TaskManagementApi.csproj", "{94743614-C69C-4D6E-91C2-FD500A8F22D0}"
EndProject
Global
	GlobalSection(SolutionConfigurationPlatforms) = preSolution
		Debug|Any CPU = Debug|Any CPU
		Release|Any CPU = Release|Any CPU
	EndGlobalSection
	GlobalSection(ProjectConfigurationPlatforms) = postSolution
		{94743614-C69C-4D6E-91C2-FD500A8F22D0}.Debug|Any CPU.ActiveCfg = Debug|Any CPU
		{94743614-C69C-4D6E-91C2-FD500A8F22D0}.Debug|Any CPU.Build.0 = Debug|Any CPU
		{94743614-C69C-4D6E-91C2-FD500A8F22D0}.Release|Any CPU.ActiveCfg = Release|Any CPU
		{94743614-C69C-4D6E-91C2-FD500A8F22D0}.Release|Any CPU.Build.0 = Release|Any CPU
	EndGlobalSection
	GlobalSection(SolutionProperties) = preSolution
		HideSolutionNode = FALSE
	EndGlobalSection
	GlobalSection(ExtensibilityGlobals) = postSolution
		SolutionGuid = {1493AAB7-407A-4732-BFD2-657477240657}
	EndGlobalSection
EndGlobal
